
Microsoft Visual Studio Solution File, Format Version 12.00
# Visual Studio Version 17
VisualStudioVersion = 17.3.32929.385
MinimumVisualStudioVersion = 10.0.40219.1
Project("{FAE04EC0-301F-11D3-BF4B-00C04F79EFBC}") = "09. Ski Trip", "09. Ski Trip.csproj", "{35109840-21B2-4C55-AF6A-96D341B1B8DB}"
EndProject
Global
	GlobalSection(SolutionConfigurationPlatforms) = preSolution
		Debug|Any CPU = Debug|Any CPU
		Release|Any CPU = Release|Any CPU
	EndGlobalSection
	GlobalSection(ProjectConfigurationPlatforms) = postSolution
		{35109840-21B2-4C55-AF6A-96D341B1B8DB}.Debug|Any CPU.ActiveCfg = Debug|Any CPU
		{35109840-21B2-4C55-AF6A-96D341B1B8DB}.Debug|Any CPU.Build.0 = Debug|Any CPU
		{35109840-21B2-4C55-AF6A-96D341B1B8DB}.Release|Any CPU.ActiveCfg = Release|Any CPU
		{35109840-21B2-4C55-AF6A-96D341B1B8DB}.Release|Any CPU.Build.0 = Release|Any CPU
	EndGlobalSection
	GlobalSection(SolutionProperties) = preSolution
		HideSolutionNode = FALSE
	EndGlobalSection
	GlobalSection(ExtensibilityGlobals) = postSolution
		SolutionGuid = {1B1719FA-22C8-4DEC-98D6-EC714C64489C}
	EndGlobalSection
EndGlobal
